
Microsoft Visual Studio Solution File, Format Version 12.00
# Visual Studio 2012
Project("{FAE04EC0-301F-11D3-BF4B-00C04F79EFBC}") = "TestPj", "TestPj\TestPj.csproj", "{AA7FF516-0C06-4EF3-A446-B7A75BC3174B}"
EndProject
Project("{FAE04EC0-301F-11D3-BF4B-00C04F79EFBC}") = "Library", "Library\Library.csproj", "{67EAD53C-A855-4BC4-91EB-14CF8D812D36}"
EndProject
Project("{FAE04EC0-301F-11D3-BF4B-00C04F79EFBC}") = "Library.Core", "Library.Core\Library.Core.csproj", "{FE81D872-05AB-4CB1-8FEB-7231D9B7DB94}"
EndProject
Project("{FAE04EC0-301F-11D3-BF4B-00C04F79EFBC}") = "TestWinform", "ImageManagement\TestWinform.csproj", "{AA560131-7590-435D-9D8F-CA0DA08BBBC7}"
EndProject
Project("{2150E333-8FDC-42A3-9474-1A3956D46DE8}") = "Library Folder", "Library Folder", "{E348F05E-0797-4100-BC83-927F773863AE}"
EndProject
Project("{FAE04EC0-301F-11D3-BF4B-00C04F79EFBC}") = "Library.Draw", "Library.Draw\Library.Draw.csproj", "{4612E29A-0F6C-4029-ADBC-B8D3EE99D241}"
EndProject
Project("{2150E333-8FDC-42A3-9474-1A3956D46DE8}") = "Test", "Test", "{D63DDA4C-9C63-4069-9786-155D86E367ED}"
EndProject
Project("{FAE04EC0-301F-11D3-BF4B-00C04F79EFBC}") = "Library.DBProvider", "Library.DBProvider\Library.DBProvider.csproj", "{1300F433-479F-4ADD-8280-DDCA70C3EA65}"
EndProject
Project("{FAE04EC0-301F-11D3-BF4B-00C04F79EFBC}") = "Library.Win.Controls", "Library.Win.Controls\Library.Win.Controls.csproj", "{C2B69EBE-B5B0-43F3-B310-534DE58E83F7}"
EndProject
Project("{FAE04EC0-301F-11D3-BF4B-00C04F79EFBC}") = "Library.Win", "Library.Win\Library.Win.csproj", "{BBB78556-201D-4857-8212-47D89D2B8FC2}"
EndProject
Project("{2150E333-8FDC-42A3-9474-1A3956D46DE8}") = "Win", "Win", "{C2F23FD1-2E00-4FAD-AEB7-D9D78CD163D6}"
EndProject
Project("{2150E333-8FDC-42A3-9474-1A3956D46DE8}") = "Base", "Base", "{13E3A177-7C84-470F-9F34-9AB4F4A44AA2}"
EndProject
Project("{FAE04EC0-301F-11D3-BF4B-00C04F79EFBC}") = "Library.Web", "Library.Web\Library.Web.csproj", "{9532F560-E33A-48AC-8933-7D2264B2B29A}"
EndProject
Project("{FAE04EC0-301F-11D3-BF4B-00C04F79EFBC}") = "Library.DialogDebugger", "Library.DialogDebugger\Library.DialogDebugger.csproj", "{5C5A3F0C-DEB2-4E5A-A703-2C768BE27511}"
EndProject
Project("{FAE04EC0-301F-11D3-BF4B-00C04F79EFBC}") = "Library.Design", "Library.Design\Library.Design.csproj", "{65EE8ACE-D25A-48B6-9C06-9CD5D937B9C9}"
EndProject
Project("{FAE04EC0-301F-11D3-BF4B-00C04F79EFBC}") = "Library.FileExtension", "Library.FileExtension\Library.FileExtension.csproj", "{3B9DEA76-4456-4C12-8BCC-5CD46CE8D9CF}"
EndProject
Project("{FAE04EC0-301F-11D3-BF4B-00C04F79EFBC}") = "Library.Management", "Library.Management\Library.Management.csproj", "{C1CB331B-F9B1-4489-AC4A-4C26F84D6E07}"
EndProject
Global
	GlobalSection(SolutionConfigurationPlatforms) = preSolution
		Debug|Any CPU = Debug|Any CPU
		Release|Any CPU = Release|Any CPU
	EndGlobalSection
	GlobalSection(ProjectConfigurationPlatforms) = postSolution
		{AA7FF516-0C06-4EF3-A446-B7A75BC3174B}.Debug|Any CPU.ActiveCfg = Debug|Any CPU
		{AA7FF516-0C06-4EF3-A446-B7A75BC3174B}.Debug|Any CPU.Build.0 = Debug|Any CPU
		{AA7FF516-0C06-4EF3-A446-B7A75BC3174B}.Release|Any CPU.ActiveCfg = Release|Any CPU
		{AA7FF516-0C06-4EF3-A446-B7A75BC3174B}.Release|Any CPU.Build.0 = Release|Any CPU
		{67EAD53C-A855-4BC4-91EB-14CF8D812D36}.Debug|Any CPU.ActiveCfg = Debug|Any CPU
		{67EAD53C-A855-4BC4-91EB-14CF8D812D36}.Debug|Any CPU.Build.0 = Debug|Any CPU
		{67EAD53C-A855-4BC4-91EB-14CF8D812D36}.Release|Any CPU.ActiveCfg = Release|Any CPU
		{67EAD53C-A855-4BC4-91EB-14CF8D812D36}.Release|Any CPU.Build.0 = Release|Any CPU
		{FE81D872-05AB-4CB1-8FEB-7231D9B7DB94}.Debug|Any CPU.ActiveCfg = Debug|Any CPU
		{FE81D872-05AB-4CB1-8FEB-7231D9B7DB94}.Debug|Any CPU.Build.0 = Debug|Any CPU
		{FE81D872-05AB-4CB1-8FEB-7231D9B7DB94}.Release|Any CPU.ActiveCfg = Release|Any CPU
		{FE81D872-05AB-4CB1-8FEB-7231D9B7DB94}.Release|Any CPU.Build.0 = Release|Any CPU
		{AA560131-7590-435D-9D8F-CA0DA08BBBC7}.Debug|Any CPU.ActiveCfg = Debug|Any CPU
		{AA560131-7590-435D-9D8F-CA0DA08BBBC7}.Debug|Any CPU.Build.0 = Debug|Any CPU
		{AA560131-7590-435D-9D8F-CA0DA08BBBC7}.Release|Any CPU.ActiveCfg = Release|Any CPU
		{AA560131-7590-435D-9D8F-CA0DA08BBBC7}.Release|Any CPU.Build.0 = Release|Any CPU
		{4612E29A-0F6C-4029-ADBC-B8D3EE99D241}.Debug|Any CPU.ActiveCfg = Debug|Any CPU
		{4612E29A-0F6C-4029-ADBC-B8D3EE99D241}.Debug|Any CPU.Build.0 = Debug|Any CPU
		{4612E29A-0F6C-4029-ADBC-B8D3EE99D241}.Release|Any CPU.ActiveCfg = Release|Any CPU
		{4612E29A-0F6C-4029-ADBC-B8D3EE99D241}.Release|Any CPU.Build.0 = Release|Any CPU
		{1300F433-479F-4ADD-8280-DDCA70C3EA65}.Debug|Any CPU.ActiveCfg = Debug|Any CPU
		{1300F433-479F-4ADD-8280-DDCA70C3EA65}.Debug|Any CPU.Build.0 = Debug|Any CPU
		{1300F433-479F-4ADD-8280-DDCA70C3EA65}.Release|Any CPU.ActiveCfg = Release|Any CPU
		{1300F433-479F-4ADD-8280-DDCA70C3EA65}.Release|Any CPU.Build.0 = Release|Any CPU
		{C2B69EBE-B5B0-43F3-B310-534DE58E83F7}.Debug|Any CPU.ActiveCfg = Debug|Any CPU
		{C2B69EBE-B5B0-43F3-B310-534DE58E83F7}.Debug|Any CPU.Build.0 = Debug|Any CPU
		{C2B69EBE-B5B0-43F3-B310-534DE58E83F7}.Release|Any CPU.ActiveCfg = Release|Any CPU
		{C2B69EBE-B5B0-43F3-B310-534DE58E83F7}.Release|Any CPU.Build.0 = Release|Any CPU
		{BBB78556-201D-4857-8212-47D89D2B8FC2}.Debug|Any CPU.ActiveCfg = Debug|Any CPU
		{BBB78556-201D-4857-8212-47D89D2B8FC2}.Debug|Any CPU.Build.0 = Debug|Any CPU
		{BBB78556-201D-4857-8212-47D89D2B8FC2}.Release|Any CPU.ActiveCfg = Release|Any CPU
		{BBB78556-201D-4857-8212-47D89D2B8FC2}.Release|Any CPU.Build.0 = Release|Any CPU
		{9532F560-E33A-48AC-8933-7D2264B2B29A}.Debug|Any CPU.ActiveCfg = Debug|Any CPU
		{9532F560-E33A-48AC-8933-7D2264B2B29A}.Debug|Any CPU.Build.0 = Debug|Any CPU
		{9532F560-E33A-48AC-8933-7D2264B2B29A}.Release|Any CPU.ActiveCfg = Release|Any CPU
		{9532F560-E33A-48AC-8933-7D2264B2B29A}.Release|Any CPU.Build.0 = Release|Any CPU
		{5C5A3F0C-DEB2-4E5A-A703-2C768BE27511}.Debug|Any CPU.ActiveCfg = Debug|Any CPU
		{5C5A3F0C-DEB2-4E5A-A703-2C768BE27511}.Debug|Any CPU.Build.0 = Debug|Any CPU
		{5C5A3F0C-DEB2-4E5A-A703-2C768BE27511}.Release|Any CPU.ActiveCfg = Release|Any CPU
		{5C5A3F0C-DEB2-4E5A-A703-2C768BE27511}.Release|Any CPU.Build.0 = Release|Any CPU
		{65EE8ACE-D25A-48B6-9C06-9CD5D937B9C9}.Debug|Any CPU.ActiveCfg = Debug|Any CPU
		{65EE8ACE-D25A-48B6-9C06-9CD5D937B9C9}.Debug|Any CPU.Build.0 = Debug|Any CPU
		{65EE8ACE-D25A-48B6-9C06-9CD5D937B9C9}.Release|Any CPU.ActiveCfg = Release|Any CPU
		{65EE8ACE-D25A-48B6-9C06-9CD5D937B9C9}.Release|Any CPU.Build.0 = Release|Any CPU
		{3B9DEA76-4456-4C12-8BCC-5CD46CE8D9CF}.Debug|Any CPU.ActiveCfg = Debug|Any CPU
		{3B9DEA76-4456-4C12-8BCC-5CD46CE8D9CF}.Debug|Any CPU.Build.0 = Debug|Any CPU
		{3B9DEA76-4456-4C12-8BCC-5CD46CE8D9CF}.Release|Any CPU.ActiveCfg = Release|Any CPU
		{3B9DEA76-4456-4C12-8BCC-5CD46CE8D9CF}.Release|Any CPU.Build.0 = Release|Any CPU
		{C1CB331B-F9B1-4489-AC4A-4C26F84D6E07}.Debug|Any CPU.ActiveCfg = Debug|Any CPU
		{C1CB331B-F9B1-4489-AC4A-4C26F84D6E07}.Debug|Any CPU.Build.0 = Debug|Any CPU
		{C1CB331B-F9B1-4489-AC4A-4C26F84D6E07}.Release|Any CPU.ActiveCfg = Release|Any CPU
		{C1CB331B-F9B1-4489-AC4A-4C26F84D6E07}.Release|Any CPU.Build.0 = Release|Any CPU
	EndGlobalSection
	GlobalSection(SolutionProperties) = preSolution
		HideSolutionNode = FALSE
	EndGlobalSection
	GlobalSection(NestedProjects) = preSolution
		{AA560131-7590-435D-9D8F-CA0DA08BBBC7} = {D63DDA4C-9C63-4069-9786-155D86E367ED}
		{AA7FF516-0C06-4EF3-A446-B7A75BC3174B} = {D63DDA4C-9C63-4069-9786-155D86E367ED}
		{13E3A177-7C84-470F-9F34-9AB4F4A44AA2} = {E348F05E-0797-4100-BC83-927F773863AE}
		{C2F23FD1-2E00-4FAD-AEB7-D9D78CD163D6} = {E348F05E-0797-4100-BC83-927F773863AE}
		{9532F560-E33A-48AC-8933-7D2264B2B29A} = {E348F05E-0797-4100-BC83-927F773863AE}
		{3B9DEA76-4456-4C12-8BCC-5CD46CE8D9CF} = {E348F05E-0797-4100-BC83-927F773863AE}
		{67EAD53C-A855-4BC4-91EB-14CF8D812D36} = {13E3A177-7C84-470F-9F34-9AB4F4A44AA2}
		{4612E29A-0F6C-4029-ADBC-B8D3EE99D241} = {13E3A177-7C84-470F-9F34-9AB4F4A44AA2}
		{1300F433-479F-4ADD-8280-DDCA70C3EA65} = {13E3A177-7C84-470F-9F34-9AB4F4A44AA2}
		{FE81D872-05AB-4CB1-8FEB-7231D9B7DB94} = {13E3A177-7C84-470F-9F34-9AB4F4A44AA2}
		{5C5A3F0C-DEB2-4E5A-A703-2C768BE27511} = {13E3A177-7C84-470F-9F34-9AB4F4A44AA2}
		{65EE8ACE-D25A-48B6-9C06-9CD5D937B9C9} = {13E3A177-7C84-470F-9F34-9AB4F4A44AA2}
		{BBB78556-201D-4857-8212-47D89D2B8FC2} = {C2F23FD1-2E00-4FAD-AEB7-D9D78CD163D6}
		{C2B69EBE-B5B0-43F3-B310-534DE58E83F7} = {C2F23FD1-2E00-4FAD-AEB7-D9D78CD163D6}
		{C1CB331B-F9B1-4489-AC4A-4C26F84D6E07} = {C2F23FD1-2E00-4FAD-AEB7-D9D78CD163D6}
	EndGlobalSection
	GlobalSection(ExtensibilityGlobals) = postSolution
		VisualSVNWorkingCopyRoot = .
	EndGlobalSection
EndGlobal
